
Microsoft Visual Studio Solution File, Format Version 12.00
# Visual Studio Version 16
VisualStudioVersion = 16.0.30717.126
MinimumVisualStudioVersion = 10.0.40219.1
Project("{FAE04EC0-301F-11D3-BF4B-00C04F79EFBC}") = "Web", "Web\Web.csproj", "{B1E9B964-70C0-47B8-ADC6-66E0E8FD68A4}"
EndProject
Project("{FAE04EC0-301F-11D3-BF4B-00C04F79EFBC}") = "DataAccess", "DataAccess\DataAccess.csproj", "{5E798584-868E-4F68-9988-4A39298099C1}"
EndProject
Global
	GlobalSection(SolutionConfigurationPlatforms) = preSolution
		Debug|Any CPU = Debug|Any CPU
		Release|Any CPU = Release|Any CPU
	EndGlobalSection
	GlobalSection(ProjectConfigurationPlatforms) = postSolution
		{B1E9B964-70C0-47B8-ADC6-66E0E8FD68A4}.Debug|Any CPU.ActiveCfg = Debug|Any CPU
		{B1E9B964-70C0-47B8-ADC6-66E0E8FD68A4}.Debug|Any CPU.Build.0 = Debug|Any CPU
		{B1E9B964-70C0-47B8-ADC6-66E0E8FD68A4}.Release|Any CPU.ActiveCfg = Release|Any CPU
		{B1E9B964-70C0-47B8-ADC6-66E0E8FD68A4}.Release|Any CPU.Build.0 = Release|Any CPU
		{5E798584-868E-4F68-9988-4A39298099C1}.Debug|Any CPU.ActiveCfg = Debug|Any CPU
		{5E798584-868E-4F68-9988-4A39298099C1}.Debug|Any CPU.Build.0 = Debug|Any CPU
		{5E798584-868E-4F68-9988-4A39298099C1}.Release|Any CPU.ActiveCfg = Release|Any CPU
		{5E798584-868E-4F68-9988-4A39298099C1}.Release|Any CPU.Build.0 = Release|Any CPU
	EndGlobalSection
	GlobalSection(SolutionProperties) = preSolution
		HideSolutionNode = FALSE
	EndGlobalSection
	GlobalSection(ExtensibilityGlobals) = postSolution
		SolutionGuid = {1D14E8B1-BE56-42B4-879C-602632F070D9}
	EndGlobalSection
EndGlobal
